
Microsoft Visual Studio Solution File, Format Version 12.00
# Visual Studio Version 17
VisualStudioVersion = 17.4.33110.190
MinimumVisualStudioVersion = 10.0.40219.1
Project("{2150E333-8FDC-42A3-9474-1A3956D46DE8}") = "src", "src", "{1707DA59-5E88-4D58-AAFF-4E169704F338}"
EndProject
Project("{FAE04EC0-301F-11D3-BF4B-00C04F79EFBC}") = "Dietbox.Interview.API", "src\Dietbox.Interview.API\Dietbox.Interview.API.csproj", "{C38DFE79-1E47-4495-BE80-2A609EA4E0DF}"
EndProject
Global
	GlobalSection(SolutionConfigurationPlatforms) = preSolution
		Debug|Any CPU = Debug|Any CPU
		Release|Any CPU = Release|Any CPU
	EndGlobalSection
	GlobalSection(ProjectConfigurationPlatforms) = postSolution
		{C38DFE79-1E47-4495-BE80-2A609EA4E0DF}.Debug|Any CPU.ActiveCfg = Debug|Any CPU
		{C38DFE79-1E47-4495-BE80-2A609EA4E0DF}.Debug|Any CPU.Build.0 = Debug|Any CPU
		{C38DFE79-1E47-4495-BE80-2A609EA4E0DF}.Release|Any CPU.ActiveCfg = Release|Any CPU
		{C38DFE79-1E47-4495-BE80-2A609EA4E0DF}.Release|Any CPU.Build.0 = Release|Any CPU
	EndGlobalSection
	GlobalSection(SolutionProperties) = preSolution
		HideSolutionNode = FALSE
	EndGlobalSection
	GlobalSection(NestedProjects) = preSolution
		{C38DFE79-1E47-4495-BE80-2A609EA4E0DF} = {1707DA59-5E88-4D58-AAFF-4E169704F338}
	EndGlobalSection
	GlobalSection(ExtensibilityGlobals) = postSolution
		SolutionGuid = {9121EE40-4DEF-47E8-A5AA-F188F592E779}
	EndGlobalSection
EndGlobal
